// !$*UTF8*$!
{
	archiveVersion = 1;
	classes = {
	};
	objectVersion = 56;
	objects = {

/* Begin PBXBuildFile section */
		D516F2D52BEA505F0018D9FD /* AppDelegate.swift in Sources */ = {isa = PBXBuildFile; fileRef = D516F2D42BEA505F0018D9FD /* AppDelegate.swift */; };
		D516F2D72BEA505F0018D9FD /* SceneDelegate.swift in Sources */ = {isa = PBXBuildFile; fileRef = D516F2D62BEA505F0018D9FD /* SceneDelegate.swift */; };
		D516F2DE2BEA50610018D9FD /* Assets.xcassets in Resources */ = {isa = PBXBuildFile; fileRef = D516F2DD2BEA50610018D9FD /* Assets.xcassets */; };
		D516F2E12BEA50610018D9FD /* LaunchScreen.storyboard in Resources */ = {isa = PBXBuildFile; fileRef = D516F2DF2BEA50610018D9FD /* LaunchScreen.storyboard */; };
		D516F2EF2BEA52D70018D9FD /* ConversationsViewController.swift in Sources */ = {isa = PBXBuildFile; fileRef = D516F2EE2BEA52D70018D9FD /* ConversationsViewController.swift */; };
		D516F2F12BEA53A70018D9FD /* LoginViewController.swift in Sources */ = {isa = PBXBuildFile; fileRef = D516F2F02BEA53A70018D9FD /* LoginViewController.swift */; };
		D516F2F32BEA53BA0018D9FD /* RegisterViewController.swift in Sources */ = {isa = PBXBuildFile; fileRef = D516F2F22BEA53BA0018D9FD /* RegisterViewController.swift */; };
		D516F2F52BEA53DE0018D9FD /* PhotoViewerViewController.swift in Sources */ = {isa = PBXBuildFile; fileRef = D516F2F42BEA53DE0018D9FD /* PhotoViewerViewController.swift */; };
		D516F2F72BEA53EE0018D9FD /* VideoPlayerViewController.swift in Sources */ = {isa = PBXBuildFile; fileRef = D516F2F62BEA53EE0018D9FD /* VideoPlayerViewController.swift */; };
		D516F2F92BEA54160018D9FD /* NewConversationsViewController.swift in Sources */ = {isa = PBXBuildFile; fileRef = D516F2F82BEA54160018D9FD /* NewConversationsViewController.swift */; };
		D516F2FB2BEA54240018D9FD /* ProfileViewController.swift in Sources */ = {isa = PBXBuildFile; fileRef = D516F2FA2BEA54240018D9FD /* ProfileViewController.swift */; };
		D516F2FE2BEAB0270018D9FD /* HelperManager.swift in Sources */ = {isa = PBXBuildFile; fileRef = D516F2FD2BEAB0270018D9FD /* HelperManager.swift */; };
		D516F3002BEAB5600018D9FD /* Extentions.swift in Sources */ = {isa = PBXBuildFile; fileRef = D516F2FF2BEAB5600018D9FD /* Extentions.swift */; };
/* End PBXBuildFile section */

/* Begin PBXFileReference section */
		D516F2D12BEA505F0018D9FD /* MessengerApp.app */ = {isa = PBXFileReference; explicitFileType = wrapper.application; includeInIndex = 0; path = MessengerApp.app; sourceTree = BUILT_PRODUCTS_DIR; };
		D516F2D42BEA505F0018D9FD /* AppDelegate.swift */ = {isa = PBXFileReference; lastKnownFileType = sourcecode.swift; path = AppDelegate.swift; sourceTree = "<group>"; };
		D516F2D62BEA505F0018D9FD /* SceneDelegate.swift */ = {isa = PBXFileReference; lastKnownFileType = sourcecode.swift; path = SceneDelegate.swift; sourceTree = "<group>"; };
		D516F2DD2BEA50610018D9FD /* Assets.xcassets */ = {isa = PBXFileReference; lastKnownFileType = folder.assetcatalog; path = Assets.xcassets; sourceTree = "<group>"; };
		D516F2E02BEA50610018D9FD /* Base */ = {isa = PBXFileReference; lastKnownFileType = file.storyboard; name = Base; path = Base.lproj/LaunchScreen.storyboard; sourceTree = "<group>"; };
		D516F2E22BEA50610018D9FD /* Info.plist */ = {isa = PBXFileReference; lastKnownFileType = text.plist.xml; path = Info.plist; sourceTree = "<group>"; };
		D516F2EE2BEA52D70018D9FD /* ConversationsViewController.swift */ = {isa = PBXFileReference; lastKnownFileType = sourcecode.swift; path = ConversationsViewController.swift; sourceTree = "<group>"; };
		D516F2F02BEA53A70018D9FD /* LoginViewController.swift */ = {isa = PBXFileReference; lastKnownFileType = sourcecode.swift; path = LoginViewController.swift; sourceTree = "<group>"; };
		D516F2F22BEA53BA0018D9FD /* RegisterViewController.swift */ = {isa = PBXFileReference; lastKnownFileType = sourcecode.swift; path = RegisterViewController.swift; sourceTree = "<group>"; };
		D516F2F42BEA53DE0018D9FD /* PhotoViewerViewController.swift */ = {isa = PBXFileReference; lastKnownFileType = sourcecode.swift; path = PhotoViewerViewController.swift; sourceTree = "<group>"; };
		D516F2F62BEA53EE0018D9FD /* VideoPlayerViewController.swift */ = {isa = PBXFileReference; lastKnownFileType = sourcecode.swift; path = VideoPlayerViewController.swift; sourceTree = "<group>"; };
		D516F2F82BEA54160018D9FD /* NewConversationsViewController.swift */ = {isa = PBXFileReference; lastKnownFileType = sourcecode.swift; path = NewConversationsViewController.swift; sourceTree = "<group>"; };
		D516F2FA2BEA54240018D9FD /* ProfileViewController.swift */ = {isa = PBXFileReference; lastKnownFileType = sourcecode.swift; path = ProfileViewController.swift; sourceTree = "<group>"; };
		D516F2FD2BEAB0270018D9FD /* HelperManager.swift */ = {isa = PBXFileReference; lastKnownFileType = sourcecode.swift; path = HelperManager.swift; sourceTree = "<group>"; };
		D516F2FF2BEAB5600018D9FD /* Extentions.swift */ = {isa = PBXFileReference; lastKnownFileType = sourcecode.swift; path = Extentions.swift; sourceTree = "<group>"; };
/* End PBXFileReference section */

/* Begin PBXFrameworksBuildPhase section */
		D516F2CE2BEA505F0018D9FD /* Frameworks */ = {
			isa = PBXFrameworksBuildPhase;
			buildActionMask = 2147483647;
			files = (
			);
			runOnlyForDeploymentPostprocessing = 0;
		};
/* End PBXFrameworksBuildPhase section */

/* Begin PBXGroup section */
		D516F2C82BEA505F0018D9FD = {
			isa = PBXGroup;
			children = (
				D516F2D32BEA505F0018D9FD /* MessengerApp */,
				D516F2D22BEA505F0018D9FD /* Products */,
			);
			sourceTree = "<group>";
		};
		D516F2D22BEA505F0018D9FD /* Products */ = {
			isa = PBXGroup;
			children = (
				D516F2D12BEA505F0018D9FD /* MessengerApp.app */,
			);
			name = Products;
			sourceTree = "<group>";
		};
		D516F2D32BEA505F0018D9FD /* MessengerApp */ = {
			isa = PBXGroup;
			children = (
				D516F2EC2BEA52440018D9FD /* Resources */,
				D516F2EB2BEA52390018D9FD /* ViewModels */,
				D516F2EA2BEA52320018D9FD /* Models */,
				D516F2E92BEA522C0018D9FD /* Views */,
				D516F2E82BEA52220018D9FD /* Controllers */,
				D516F2E22BEA50610018D9FD /* Info.plist */,
			);
			path = MessengerApp;
			sourceTree = "<group>";
		};
		D516F2E82BEA52220018D9FD /* Controllers */ = {
			isa = PBXGroup;
			children = (
				D516F2EE2BEA52D70018D9FD /* ConversationsViewController.swift */,
				D516F2FC2BEA552E0018D9FD /* Login */,
				D516F2F42BEA53DE0018D9FD /* PhotoViewerViewController.swift */,
				D516F2F62BEA53EE0018D9FD /* VideoPlayerViewController.swift */,
				D516F2F82BEA54160018D9FD /* NewConversationsViewController.swift */,
				D516F2FA2BEA54240018D9FD /* ProfileViewController.swift */,
			);
			path = Controllers;
			sourceTree = "<group>";
		};
		D516F2E92BEA522C0018D9FD /* Views */ = {
			isa = PBXGroup;
			children = (
				D516F2ED2BEA526D0018D9FD /* Storyboard */,
				D516F2DD2BEA50610018D9FD /* Assets.xcassets */,
			);
			path = Views;
			sourceTree = "<group>";
		};
		D516F2EA2BEA52320018D9FD /* Models */ = {
			isa = PBXGroup;
			children = (
			);
			path = Models;
			sourceTree = "<group>";
		};
		D516F2EB2BEA52390018D9FD /* ViewModels */ = {
			isa = PBXGroup;
			children = (
			);
			path = ViewModels;
			sourceTree = "<group>";
		};
		D516F2EC2BEA52440018D9FD /* Resources */ = {
			isa = PBXGroup;
			children = (
				D516F2D42BEA505F0018D9FD /* AppDelegate.swift */,
				D516F2D62BEA505F0018D9FD /* SceneDelegate.swift */,
				D516F2FD2BEAB0270018D9FD /* HelperManager.swift */,
				D516F2FF2BEAB5600018D9FD /* Extentions.swift */,
			);
			path = Resources;
			sourceTree = "<group>";
		};
		D516F2ED2BEA526D0018D9FD /* Storyboard */ = {
			isa = PBXGroup;
			children = (
				D516F2DF2BEA50610018D9FD /* LaunchScreen.storyboard */,
			);
			path = Storyboard;
			sourceTree = "<group>";
		};
		D516F2FC2BEA552E0018D9FD /* Login */ = {
			isa = PBXGroup;
			children = (
				D516F2F02BEA53A70018D9FD /* LoginViewController.swift */,
				D516F2F22BEA53BA0018D9FD /* RegisterViewController.swift */,
			);
			path = Login;
			sourceTree = "<group>";
		};
/* End PBXGroup section */

/* Begin PBXNativeTarget section */
		D516F2D02BEA505F0018D9FD /* MessengerApp */ = {
			isa = PBXNativeTarget;
			buildConfigurationList = D516F2E52BEA50610018D9FD /* Build configuration list for PBXNativeTarget "MessengerApp" */;
			buildPhases = (
				D516F2CD2BEA505F0018D9FD /* Sources */,
				D516F2CE2BEA505F0018D9FD /* Frameworks */,
				D516F2CF2BEA505F0018D9FD /* Resources */,
			);
			buildRules = (
			);
			dependencies = (
			);
			name = MessengerApp;
			productName = MessengerApp;
			productReference = D516F2D12BEA505F0018D9FD /* MessengerApp.app */;
			productType = "com.apple.product-type.application";
		};
/* End PBXNativeTarget section */

/* Begin PBXProject section */
		D516F2C92BEA505F0018D9FD /* Project object */ = {
			isa = PBXProject;
			attributes = {
				BuildIndependentTargetsInParallel = 1;
				LastSwiftUpdateCheck = 1500;
				LastUpgradeCheck = 1500;
				TargetAttributes = {
					D516F2D02BEA505F0018D9FD = {
						CreatedOnToolsVersion = 15.0.1;
					};
				};
			};
			buildConfigurationList = D516F2CC2BEA505F0018D9FD /* Build configuration list for PBXProject "MessengerApp" */;
			compatibilityVersion = "Xcode 14.0";
			developmentRegion = en;
			hasScannedForEncodings = 0;
			knownRegions = (
				en,
				Base,
			);
			mainGroup = D516F2C82BEA505F0018D9FD;
			productRefGroup = D516F2D22BEA505F0018D9FD /* Products */;
			projectDirPath = "";
			projectRoot = "";
			targets = (
				D516F2D02BEA505F0018D9FD /* MessengerApp */,
			);
		};
/* End PBXProject section */

/* Begin PBXResourcesBuildPhase section */
		D516F2CF2BEA505F0018D9FD /* Resources */ = {
			isa = PBXResourcesBuildPhase;
			buildActionMask = 2147483647;
			files = (
				D516F2E12BEA50610018D9FD /* LaunchScreen.storyboard in Resources */,
				D516F2DE2BEA50610018D9FD /* Assets.xcassets in Resources */,
			);
			runOnlyForDeploymentPostprocessing = 0;
		};
/* End PBXResourcesBuildPhase section */

/* Begin PBXSourcesBuildPhase section */
		D516F2CD2BEA505F0018D9FD /* Sources */ = {
			isa = PBXSourcesBuildPhase;
			buildActionMask = 2147483647;
			files = (
				D516F2F12BEA53A70018D9FD /* LoginViewController.swift in Sources */,
				D516F2F32BEA53BA0018D9FD /* RegisterViewController.swift in Sources */,
				D516F2D52BEA505F0018D9FD /* AppDelegate.swift in Sources */,
				D516F3002BEAB5600018D9FD /* Extentions.swift in Sources */,
				D516F2F72BEA53EE0018D9FD /* VideoPlayerViewController.swift in Sources */,
				D516F2D72BEA505F0018D9FD /* SceneDelegate.swift in Sources */,
				D516F2FE2BEAB0270018D9FD /* HelperManager.swift in Sources */,
				D516F2EF2BEA52D70018D9FD /* ConversationsViewController.swift in Sources */,
				D516F2FB2BEA54240018D9FD /* ProfileViewController.swift in Sources */,
				D516F2F92BEA54160018D9FD /* NewConversationsViewController.swift in Sources */,
				D516F2F52BEA53DE0018D9FD /* PhotoViewerViewController.swift in Sources */,
			);
			runOnlyForDeploymentPostprocessing = 0;
		};
/* End PBXSourcesBuildPhase section */

/* Begin PBXVariantGroup section */
		D516F2DF2BEA50610018D9FD /* LaunchScreen.storyboard */ = {
			isa = PBXVariantGroup;
			children = (
				D516F2E02BEA50610018D9FD /* Base */,
			);
			name = LaunchScreen.storyboard;
			sourceTree = "<group>";
		};
/* End PBXVariantGroup section */

/* Begin XCBuildConfiguration section */
		D516F2E32BEA50610018D9FD /* Debug */ = {
			isa = XCBuildConfiguration;
			buildSettings = {
				ALWAYS_SEARCH_USER_PATHS = NO;
				ASSETCATALOG_COMPILER_GENERATE_SWIFT_ASSET_SYMBOL_EXTENSIONS = YES;
				CLANG_ANALYZER_NONNULL = YES;
				CLANG_ANALYZER_NUMBER_OBJECT_CONVERSION = YES_AGGRESSIVE;
				CLANG_CXX_LANGUAGE_STANDARD = "gnu++20";
				CLANG_ENABLE_MODULES = YES;
				CLANG_ENABLE_OBJC_ARC = YES;
				CLANG_ENABLE_OBJC_WEAK = YES;
				CLANG_WARN_BLOCK_CAPTURE_AUTORELEASING = YES;
				CLANG_WARN_BOOL_CONVERSION = YES;
				CLANG_WARN_COMMA = YES;
				CLANG_WARN_CONSTANT_CONVERSION = YES;
				CLANG_WARN_DEPRECATED_OBJC_IMPLEMENTATIONS = YES;
				CLANG_WARN_DIRECT_OBJC_ISA_USAGE = YES_ERROR;
				CLANG_WARN_DOCUMENTATION_COMMENTS = YES;
				CLANG_WARN_EMPTY_BODY = YES;
				CLANG_WARN_ENUM_CONVERSION = YES;
				CLANG_WARN_INFINITE_RECURSION = YES;
				CLANG_WARN_INT_CONVERSION = YES;
				CLANG_WARN_NON_LITERAL_NULL_CONVERSION = YES;
				CLANG_WARN_OBJC_IMPLICIT_RETAIN_SELF = YES;
				CLANG_WARN_OBJC_LITERAL_CONVERSION = YES;
				CLANG_WARN_OBJC_ROOT_CLASS = YES_ERROR;
				CLANG_WARN_QUOTED_INCLUDE_IN_FRAMEWORK_HEADER = YES;
				CLANG_WARN_RANGE_LOOP_ANALYSIS = YES;
				CLANG_WARN_STRICT_PROTOTYPES = YES;
				CLANG_WARN_SUSPICIOUS_MOVE = YES;
				CLANG_WARN_UNGUARDED_AVAILABILITY = YES_AGGRESSIVE;
				CLANG_WARN_UNREACHABLE_CODE = YES;
				CLANG_WARN__DUPLICATE_METHOD_MATCH = YES;
				COPY_PHASE_STRIP = NO;
				DEBUG_INFORMATION_FORMAT = dwarf;
				ENABLE_STRICT_OBJC_MSGSEND = YES;
				ENABLE_TESTABILITY = YES;
				ENABLE_USER_SCRIPT_SANDBOXING = YES;
				GCC_C_LANGUAGE_STANDARD = gnu17;
				GCC_DYNAMIC_NO_PIC = NO;
				GCC_NO_COMMON_BLOCKS = YES;
				GCC_OPTIMIZATION_LEVEL = 0;
				GCC_PREPROCESSOR_DEFINITIONS = (
					"DEBUG=1",
					"$(inherited)",
				);
				GCC_WARN_64_TO_32_BIT_CONVERSION = YES;
				GCC_WARN_ABOUT_RETURN_TYPE = YES_ERROR;
				GCC_WARN_UNDECLARED_SELECTOR = YES;
				GCC_WARN_UNINITIALIZED_AUTOS = YES_AGGRESSIVE;
				GCC_WARN_UNUSED_FUNCTION = YES;
				GCC_WARN_UNUSED_VARIABLE = YES;
				IPHONEOS_DEPLOYMENT_TARGET = 17.0;
				LOCALIZATION_PREFERS_STRING_CATALOGS = YES;
				MTL_ENABLE_DEBUG_INFO = INCLUDE_SOURCE;
				MTL_FAST_MATH = YES;
				ONLY_ACTIVE_ARCH = YES;
				SDKROOT = iphoneos;
				SWIFT_ACTIVE_COMPILATION_CONDITIONS = "DEBUG $(inherited)";
				SWIFT_OPTIMIZATION_LEVEL = "-Onone";
			};
			name = Debug;
		};
		D516F2E42BEA50610018D9FD /* Release */ = {
			isa = XCBuildConfiguration;
			buildSettings = {
				ALWAYS_SEARCH_USER_PATHS = NO;
				ASSETCATALOG_COMPILER_GENERATE_SWIFT_ASSET_SYMBOL_EXTENSIONS = YES;
				CLANG_ANALYZER_NONNULL = YES;
				CLANG_ANALYZER_NUMBER_OBJECT_CONVERSION = YES_AGGRESSIVE;
				CLANG_CXX_LANGUAGE_STANDARD = "gnu++20";
				CLANG_ENABLE_MODULES = YES;
				CLANG_ENABLE_OBJC_ARC = YES;
				CLANG_ENABLE_OBJC_WEAK = YES;
				CLANG_WARN_BLOCK_CAPTURE_AUTORELEASING = YES;
				CLANG_WARN_BOOL_CONVERSION = YES;
				CLANG_WARN_COMMA = YES;
				CLANG_WARN_CONSTANT_CONVERSION = YES;
				CLANG_WARN_DEPRECATED_OBJC_IMPLEMENTATIONS = YES;
				CLANG_WARN_DIRECT_OBJC_ISA_USAGE = YES_ERROR;
				CLANG_WARN_DOCUMENTATION_COMMENTS = YES;
				CLANG_WARN_EMPTY_BODY = YES;
				CLANG_WARN_ENUM_CONVERSION = YES;
				CLANG_WARN_INFINITE_RECURSION = YES;
				CLANG_WARN_INT_CONVERSION = YES;
				CLANG_WARN_NON_LITERAL_NULL_CONVERSION = YES;
				CLANG_WARN_OBJC_IMPLICIT_RETAIN_SELF = YES;
				CLANG_WARN_OBJC_LITERAL_CONVERSION = YES;
				CLANG_WARN_OBJC_ROOT_CLASS = YES_ERROR;
				CLANG_WARN_QUOTED_INCLUDE_IN_FRAMEWORK_HEADER = YES;
				CLANG_WARN_RANGE_LOOP_ANALYSIS = YES;
				CLANG_WARN_STRICT_PROTOTYPES = YES;
				CLANG_WARN_SUSPICIOUS_MOVE = YES;
				CLANG_WARN_UNGUARDED_AVAILABILITY = YES_AGGRESSIVE;
				CLANG_WARN_UNREACHABLE_CODE = YES;
				CLANG_WARN__DUPLICATE_METHOD_MATCH = YES;
				COPY_PHASE_STRIP = NO;
				DEBUG_INFORMATION_FORMAT = "dwarf-with-dsym";
				ENABLE_NS_ASSERTIONS = NO;
				ENABLE_STRICT_OBJC_MSGSEND = YES;
				ENABLE_USER_SCRIPT_SANDBOXING = YES;
				GCC_C_LANGUAGE_STANDARD = gnu17;
				GCC_NO_COMMON_BLOCKS = YES;
				GCC_WARN_64_TO_32_BIT_CONVERSION = YES;
				GCC_WARN_ABOUT_RETURN_TYPE = YES_ERROR;
				GCC_WARN_UNDECLARED_SELECTOR = YES;
				GCC_WARN_UNINITIALIZED_AUTOS = YES_AGGRESSIVE;
				GCC_WARN_UNUSED_FUNCTION = YES;
				GCC_WARN_UNUSED_VARIABLE = YES;
				IPHONEOS_DEPLOYMENT_TARGET = 17.0;
				LOCALIZATION_PREFERS_STRING_CATALOGS = YES;
				MTL_ENABLE_DEBUG_INFO = NO;
				MTL_FAST_MATH = YES;
				SDKROOT = iphoneos;
				SWIFT_COMPILATION_MODE = wholemodule;
				VALIDATE_PRODUCT = YES;
			};
			name = Release;
		};
		D516F2E62BEA50610018D9FD /* Debug */ = {
			isa = XCBuildConfiguration;
			buildSettings = {
				ASSETCATALOG_COMPILER_APPICON_NAME = AppIcon;
				ASSETCATALOG_COMPILER_GLOBAL_ACCENT_COLOR_NAME = AccentColor;
				CODE_SIGN_STYLE = Automatic;
				CURRENT_PROJECT_VERSION = 1;
				GENERATE_INFOPLIST_FILE = YES;
				INFOPLIST_FILE = MessengerApp/Info.plist;
				INFOPLIST_KEY_UIApplicationSupportsIndirectInputEvents = YES;
				INFOPLIST_KEY_UILaunchStoryboardName = LaunchScreen;
				INFOPLIST_KEY_UISupportedInterfaceOrientations = "UIInterfaceOrientationPortrait UIInterfaceOrientationPortraitUpsideDown";
				IPHONEOS_DEPLOYMENT_TARGET = 15.0;
				LD_RUNPATH_SEARCH_PATHS = (
					"$(inherited)",
					"@executable_path/Frameworks",
				);
				MARKETING_VERSION = 1.0;
				PRODUCT_BUNDLE_IDENTIFIER = app.hardibsalih.MessengerApp;
				PRODUCT_NAME = "$(TARGET_NAME)";
				SWIFT_EMIT_LOC_STRINGS = YES;
				SWIFT_VERSION = 5.0;
				TARGETED_DEVICE_FAMILY = "1,2";
			};
			name = Debug;
		};
		D516F2E72BEA50610018D9FD /* Release */ = {
			isa = XCBuildConfiguration;
			buildSettings = {
				ASSETCATALOG_COMPILER_APPICON_NAME = AppIcon;
				ASSETCATALOG_COMPILER_GLOBAL_ACCENT_COLOR_NAME = AccentColor;
				CODE_SIGN_STYLE = Automatic;
				CURRENT_PROJECT_VERSION = 1;
				GENERATE_INFOPLIST_FILE = YES;
				INFOPLIST_FILE = MessengerApp/Info.plist;
				INFOPLIST_KEY_UIApplicationSupportsIndirectInputEvents = YES;
				INFOPLIST_KEY_UILaunchStoryboardName = LaunchScreen;
				INFOPLIST_KEY_UISupportedInterfaceOrientations = "UIInterfaceOrientationPortrait UIInterfaceOrientationPortraitUpsideDown";
				IPHONEOS_DEPLOYMENT_TARGET = 15.0;
				LD_RUNPATH_SEARCH_PATHS = (
					"$(inherited)",
					"@executable_path/Frameworks",
				);
				MARKETING_VERSION = 1.0;
				PRODUCT_BUNDLE_IDENTIFIER = app.hardibsalih.MessengerApp;
				PRODUCT_NAME = "$(TARGET_NAME)";
				SWIFT_EMIT_LOC_STRINGS = YES;
				SWIFT_VERSION = 5.0;
				TARGETED_DEVICE_FAMILY = "1,2";
			};
			name = Release;
		};
/* End XCBuildConfiguration section */

/* Begin XCConfigurationList section */
		D516F2CC2BEA505F0018D9FD /* Build configuration list for PBXProject "MessengerApp" */ = {
			isa = XCConfigurationList;
			buildConfigurations = (
				D516F2E32BEA50610018D9FD /* Debug */,
				D516F2E42BEA50610018D9FD /* Release */,
			);
			defaultConfigurationIsVisible = 0;
			defaultConfigurationName = Release;
		};
		D516F2E52BEA50610018D9FD /* Build configuration list for PBXNativeTarget "MessengerApp" */ = {
			isa = XCConfigurationList;
			buildConfigurations = (
				D516F2E62BEA50610018D9FD /* Debug */,
				D516F2E72BEA50610018D9FD /* Release */,
			);
			defaultConfigurationIsVisible = 0;
			defaultConfigurationName = Release;
		};
/* End XCConfigurationList section */
	};
	rootObject = D516F2C92BEA505F0018D9FD /* Project object */;
}
